
Microsoft Visual Studio Solution File, Format Version 12.00
# Visual Studio Version 17
VisualStudioVersion = 17.14.36705.20 d17.14
MinimumVisualStudioVersion = 10.0.40219.1
Project("{FAE04EC0-301F-11D3-BF4B-00C04F79EFBC}") = "ЛР_8", "ЛР_8.csproj", "{11750E0F-2844-41E8-88B2-B8444EF81F8E}"
EndProject
Global
	GlobalSection(SolutionConfigurationPlatforms) = preSolution
		Debug|Any CPU = Debug|Any CPU
		Release|Any CPU = Release|Any CPU
	EndGlobalSection
	GlobalSection(ProjectConfigurationPlatforms) = postSolution
		{11750E0F-2844-41E8-88B2-B8444EF81F8E}.Debug|Any CPU.ActiveCfg = Debug|Any CPU
		{11750E0F-2844-41E8-88B2-B8444EF81F8E}.Debug|Any CPU.Build.0 = Debug|Any CPU
		{11750E0F-2844-41E8-88B2-B8444EF81F8E}.Release|Any CPU.ActiveCfg = Release|Any CPU
		{11750E0F-2844-41E8-88B2-B8444EF81F8E}.Release|Any CPU.Build.0 = Release|Any CPU
	EndGlobalSection
	GlobalSection(SolutionProperties) = preSolution
		HideSolutionNode = FALSE
	EndGlobalSection
	GlobalSection(ExtensibilityGlobals) = postSolution
		SolutionGuid = {B842EDBA-C164-4F5F-AB88-042EF37678D2}
	EndGlobalSection
EndGlobal
